// !$*UTF8*$!
{
	archiveVersion = 1;
	classes = {
	};
	objectVersion = 56;
	objects = {

/* Begin PBXBuildFile section */
		387EE8F82CD9199700831C17 /* AppDelegate.m in Sources */ = {isa = PBXBuildFile; fileRef = 387EE8F72CD9199700831C17 /* AppDelegate.m */; };
		387EE8FA2CD9199900831C17 /* Assets.xcassets in Resources */ = {isa = PBXBuildFile; fileRef = 387EE8F92CD9199900831C17 /* Assets.xcassets */; };
		387EE8FD2CD9199900831C17 /* Base in Resources */ = {isa = PBXBuildFile; fileRef = 387EE8FC2CD9199900831C17 /* Base */; };
		387EE8FF2CD9199900831C17 /* main.m in Sources */ = {isa = PBXBuildFile; fileRef = 387EE8FE2CD9199900831C17 /* main.m */; };
		387EE90A2CD9199900831C17 /* snake_gameTests.m in Sources */ = {isa = PBXBuildFile; fileRef = 387EE9092CD9199900831C17 /* snake_gameTests.m */; };
		387EE9142CD9199900831C17 /* snake_gameUITests.m in Sources */ = {isa = PBXBuildFile; fileRef = 387EE9132CD9199900831C17 /* snake_gameUITests.m */; };
		387EE9162CD9199900831C17 /* snake_gameUITestsLaunchTests.m in Sources */ = {isa = PBXBuildFile; fileRef = 387EE9152CD9199900831C17 /* snake_gameUITestsLaunchTests.m */; };
		387EE9242CD91C9F00831C17 /* Board.m in Sources */ = {isa = PBXBuildFile; fileRef = 387EE9232CD91C9F00831C17 /* Board.m */; };
		387EE9272CD91F6000831C17 /* Player.m in Sources */ = {isa = PBXBuildFile; fileRef = 387EE9262CD91F6000831C17 /* Player.m */; };
		387EE9282CD91F6000831C17 /* Player.m in Sources */ = {isa = PBXBuildFile; fileRef = 387EE9262CD91F6000831C17 /* Player.m */; };
/* End PBXBuildFile section */

/* Begin PBXContainerItemProxy section */
		387EE9062CD9199900831C17 /* PBXContainerItemProxy */ = {
			isa = PBXContainerItemProxy;
			containerPortal = 387EE8EB2CD9199600831C17 /* Project object */;
			proxyType = 1;
			remoteGlobalIDString = 387EE8F22CD9199600831C17;
			remoteInfo = snake_game;
		};
		387EE9102CD9199900831C17 /* PBXContainerItemProxy */ = {
			isa = PBXContainerItemProxy;
			containerPortal = 387EE8EB2CD9199600831C17 /* Project object */;
			proxyType = 1;
			remoteGlobalIDString = 387EE8F22CD9199600831C17;
			remoteInfo = snake_game;
		};
/* End PBXContainerItemProxy section */

/* Begin PBXFileReference section */
		387EE8F32CD9199700831C17 /* snake_game.app */ = {isa = PBXFileReference; explicitFileType = wrapper.application; includeInIndex = 0; path = snake_game.app; sourceTree = BUILT_PRODUCTS_DIR; };
		387EE8F62CD9199700831C17 /* AppDelegate.h */ = {isa = PBXFileReference; lastKnownFileType = sourcecode.c.h; path = AppDelegate.h; sourceTree = "<group>"; };
		387EE8F72CD9199700831C17 /* AppDelegate.m */ = {isa = PBXFileReference; lastKnownFileType = sourcecode.c.objc; path = AppDelegate.m; sourceTree = "<group>"; };
		387EE8F92CD9199900831C17 /* Assets.xcassets */ = {isa = PBXFileReference; lastKnownFileType = folder.assetcatalog; path = Assets.xcassets; sourceTree = "<group>"; };
		387EE8FC2CD9199900831C17 /* Base */ = {isa = PBXFileReference; lastKnownFileType = file.xib; name = Base; path = Base.lproj/MainMenu.xib; sourceTree = "<group>"; };
		387EE8FE2CD9199900831C17 /* main.m */ = {isa = PBXFileReference; lastKnownFileType = sourcecode.c.objc; path = main.m; sourceTree = "<group>"; };
		387EE9002CD9199900831C17 /* snake_game.entitlements */ = {isa = PBXFileReference; lastKnownFileType = text.plist.entitlements; path = snake_game.entitlements; sourceTree = "<group>"; };
		387EE9052CD9199900831C17 /* snake_gameTests.xctest */ = {isa = PBXFileReference; explicitFileType = wrapper.cfbundle; includeInIndex = 0; path = snake_gameTests.xctest; sourceTree = BUILT_PRODUCTS_DIR; };
		387EE9092CD9199900831C17 /* snake_gameTests.m */ = {isa = PBXFileReference; lastKnownFileType = sourcecode.c.objc; path = snake_gameTests.m; sourceTree = "<group>"; };
		387EE90F2CD9199900831C17 /* snake_gameUITests.xctest */ = {isa = PBXFileReference; explicitFileType = wrapper.cfbundle; includeInIndex = 0; path = snake_gameUITests.xctest; sourceTree = BUILT_PRODUCTS_DIR; };
		387EE9132CD9199900831C17 /* snake_gameUITests.m */ = {isa = PBXFileReference; lastKnownFileType = sourcecode.c.objc; path = snake_gameUITests.m; sourceTree = "<group>"; };
		387EE9152CD9199900831C17 /* snake_gameUITestsLaunchTests.m */ = {isa = PBXFileReference; lastKnownFileType = sourcecode.c.objc; path = snake_gameUITestsLaunchTests.m; sourceTree = "<group>"; };
		387EE9222CD91C9F00831C17 /* Board.h */ = {isa = PBXFileReference; lastKnownFileType = sourcecode.c.h; path = Board.h; sourceTree = "<group>"; };
		387EE9232CD91C9F00831C17 /* Board.m */ = {isa = PBXFileReference; lastKnownFileType = sourcecode.c.objc; path = Board.m; sourceTree = "<group>"; };
		387EE9252CD91F6000831C17 /* Player.h */ = {isa = PBXFileReference; lastKnownFileType = sourcecode.c.h; path = Player.h; sourceTree = "<group>"; };
		387EE9262CD91F6000831C17 /* Player.m */ = {isa = PBXFileReference; lastKnownFileType = sourcecode.c.objc; path = Player.m; sourceTree = "<group>"; };
/* End PBXFileReference section */

/* Begin PBXFrameworksBuildPhase section */
		387EE8F02CD9199600831C17 /* Frameworks */ = {
			isa = PBXFrameworksBuildPhase;
			buildActionMask = 2147483647;
			files = (
			);
			runOnlyForDeploymentPostprocessing = 0;
		};
		387EE9022CD9199900831C17 /* Frameworks */ = {
			isa = PBXFrameworksBuildPhase;
			buildActionMask = 2147483647;
			files = (
			);
			runOnlyForDeploymentPostprocessing = 0;
		};
		387EE90C2CD9199900831C17 /* Frameworks */ = {
			isa = PBXFrameworksBuildPhase;
			buildActionMask = 2147483647;
			files = (
			);
			runOnlyForDeploymentPostprocessing = 0;
		};
/* End PBXFrameworksBuildPhase section */

/* Begin PBXGroup section */
		387EE8EA2CD9199600831C17 = {
			isa = PBXGroup;
			children = (
				387EE8F52CD9199700831C17 /* snake_game */,
				387EE9082CD9199900831C17 /* snake_gameTests */,
				387EE9122CD9199900831C17 /* snake_gameUITests */,
				387EE8F42CD9199700831C17 /* Products */,
			);
			sourceTree = "<group>";
		};
		387EE8F42CD9199700831C17 /* Products */ = {
			isa = PBXGroup;
			children = (
				387EE8F32CD9199700831C17 /* snake_game.app */,
				387EE9052CD9199900831C17 /* snake_gameTests.xctest */,
				387EE90F2CD9199900831C17 /* snake_gameUITests.xctest */,
			);
			name = Products;
			sourceTree = "<group>";
		};
		387EE8F52CD9199700831C17 /* snake_game */ = {
			isa = PBXGroup;
			children = (
				387EE8F62CD9199700831C17 /* AppDelegate.h */,
				387EE8F72CD9199700831C17 /* AppDelegate.m */,
				387EE8F92CD9199900831C17 /* Assets.xcassets */,
				387EE8FB2CD9199900831C17 /* MainMenu.xib */,
				387EE8FE2CD9199900831C17 /* main.m */,
				387EE9222CD91C9F00831C17 /* Board.h */,
				387EE9232CD91C9F00831C17 /* Board.m */,
				387EE9252CD91F6000831C17 /* Player.h */,
				387EE9262CD91F6000831C17 /* Player.m */,
				387EE9002CD9199900831C17 /* snake_game.entitlements */,
			);
			path = snake_game;
			sourceTree = "<group>";
		};
		387EE9082CD9199900831C17 /* snake_gameTests */ = {
			isa = PBXGroup;
			children = (
				387EE9092CD9199900831C17 /* snake_gameTests.m */,
			);
			path = snake_gameTests;
			sourceTree = "<group>";
		};
		387EE9122CD9199900831C17 /* snake_gameUITests */ = {
			isa = PBXGroup;
			children = (
				387EE9132CD9199900831C17 /* snake_gameUITests.m */,
				387EE9152CD9199900831C17 /* snake_gameUITestsLaunchTests.m */,
			);
			path = snake_gameUITests;
			sourceTree = "<group>";
		};
/* End PBXGroup section */

/* Begin PBXNativeTarget section */
		387EE8F22CD9199600831C17 /* snake_game */ = {
			isa = PBXNativeTarget;
			buildConfigurationList = 387EE9192CD9199900831C17 /* Build configuration list for PBXNativeTarget "snake_game" */;
			buildPhases = (
				387EE8EF2CD9199600831C17 /* Sources */,
				387EE8F02CD9199600831C17 /* Frameworks */,
				387EE8F12CD9199600831C17 /* Resources */,
			);
			buildRules = (
			);
			dependencies = (
			);
			name = snake_game;
			productName = snake_game;
			productReference = 387EE8F32CD9199700831C17 /* snake_game.app */;
			productType = "com.apple.product-type.application";
		};
		387EE9042CD9199900831C17 /* snake_gameTests */ = {
			isa = PBXNativeTarget;
			buildConfigurationList = 387EE91C2CD9199900831C17 /* Build configuration list for PBXNativeTarget "snake_gameTests" */;
			buildPhases = (
				387EE9012CD9199900831C17 /* Sources */,
				387EE9022CD9199900831C17 /* Frameworks */,
				387EE9032CD9199900831C17 /* Resources */,
			);
			buildRules = (
			);
			dependencies = (
				387EE9072CD9199900831C17 /* PBXTargetDependency */,
			);
			name = snake_gameTests;
			productName = snake_gameTests;
			productReference = 387EE9052CD9199900831C17 /* snake_gameTests.xctest */;
			productType = "com.apple.product-type.bundle.unit-test";
		};
		387EE90E2CD9199900831C17 /* snake_gameUITests */ = {
			isa = PBXNativeTarget;
			buildConfigurationList = 387EE91F2CD9199900831C17 /* Build configuration list for PBXNativeTarget "snake_gameUITests" */;
			buildPhases = (
				387EE90B2CD9199900831C17 /* Sources */,
				387EE90C2CD9199900831C17 /* Frameworks */,
				387EE90D2CD9199900831C17 /* Resources */,
			);
			buildRules = (
			);
			dependencies = (
				387EE9112CD9199900831C17 /* PBXTargetDependency */,
			);
			name = snake_gameUITests;
			productName = snake_gameUITests;
			productReference = 387EE90F2CD9199900831C17 /* snake_gameUITests.xctest */;
			productType = "com.apple.product-type.bundle.ui-testing";
		};
/* End PBXNativeTarget section */

/* Begin PBXProject section */
		387EE8EB2CD9199600831C17 /* Project object */ = {
			isa = PBXProject;
			attributes = {
				BuildIndependentTargetsInParallel = 1;
				LastUpgradeCheck = 1530;
				TargetAttributes = {
					387EE8F22CD9199600831C17 = {
						CreatedOnToolsVersion = 15.3;
					};
					387EE9042CD9199900831C17 = {
						CreatedOnToolsVersion = 15.3;
						TestTargetID = 387EE8F22CD9199600831C17;
					};
					387EE90E2CD9199900831C17 = {
						CreatedOnToolsVersion = 15.3;
						TestTargetID = 387EE8F22CD9199600831C17;
					};
				};
			};
			buildConfigurationList = 387EE8EE2CD9199600831C17 /* Build configuration list for PBXProject "snake_game" */;
			compatibilityVersion = "Xcode 14.0";
			developmentRegion = en;
			hasScannedForEncodings = 0;
			knownRegions = (
				en,
				Base,
			);
			mainGroup = 387EE8EA2CD9199600831C17;
			productRefGroup = 387EE8F42CD9199700831C17 /* Products */;
			projectDirPath = "";
			projectRoot = "";
			targets = (
				387EE8F22CD9199600831C17 /* snake_game */,
				387EE9042CD9199900831C17 /* snake_gameTests */,
				387EE90E2CD9199900831C17 /* snake_gameUITests */,
			);
		};
/* End PBXProject section */

/* Begin PBXResourcesBuildPhase section */
		387EE8F12CD9199600831C17 /* Resources */ = {
			isa = PBXResourcesBuildPhase;
			buildActionMask = 2147483647;
			files = (
				387EE8FA2CD9199900831C17 /* Assets.xcassets in Resources */,
				387EE8FD2CD9199900831C17 /* Base in Resources */,
			);
			runOnlyForDeploymentPostprocessing = 0;
		};
		387EE9032CD9199900831C17 /* Resources */ = {
			isa = PBXResourcesBuildPhase;
			buildActionMask = 2147483647;
			files = (
			);
			runOnlyForDeploymentPostprocessing = 0;
		};
		387EE90D2CD9199900831C17 /* Resources */ = {
			isa = PBXResourcesBuildPhase;
			buildActionMask = 2147483647;
			files = (
			);
			runOnlyForDeploymentPostprocessing = 0;
		};
/* End PBXResourcesBuildPhase section */

/* Begin PBXSourcesBuildPhase section */
		387EE8EF2CD9199600831C17 /* Sources */ = {
			isa = PBXSourcesBuildPhase;
			buildActionMask = 2147483647;
			files = (
				387EE9272CD91F6000831C17 /* Player.m in Sources */,
				387EE9242CD91C9F00831C17 /* Board.m in Sources */,
				387EE8FF2CD9199900831C17 /* main.m in Sources */,
				387EE8F82CD9199700831C17 /* AppDelegate.m in Sources */,
			);
			runOnlyForDeploymentPostprocessing = 0;
		};
		387EE9012CD9199900831C17 /* Sources */ = {
			isa = PBXSourcesBuildPhase;
			buildActionMask = 2147483647;
			files = (
				387EE9282CD91F6000831C17 /* Player.m in Sources */,
				387EE90A2CD9199900831C17 /* snake_gameTests.m in Sources */,
			);
			runOnlyForDeploymentPostprocessing = 0;
		};
		387EE90B2CD9199900831C17 /* Sources */ = {
			isa = PBXSourcesBuildPhase;
			buildActionMask = 2147483647;
			files = (
				387EE9142CD9199900831C17 /* snake_gameUITests.m in Sources */,
				387EE9162CD9199900831C17 /* snake_gameUITestsLaunchTests.m in Sources */,
			);
			runOnlyForDeploymentPostprocessing = 0;
		};
/* End PBXSourcesBuildPhase section */

/* Begin PBXTargetDependency section */
		387EE9072CD9199900831C17 /* PBXTargetDependency */ = {
			isa = PBXTargetDependency;
			target = 387EE8F22CD9199600831C17 /* snake_game */;
			targetProxy = 387EE9062CD9199900831C17 /* PBXContainerItemProxy */;
		};
		387EE9112CD9199900831C17 /* PBXTargetDependency */ = {
			isa = PBXTargetDependency;
			target = 387EE8F22CD9199600831C17 /* snake_game */;
			targetProxy = 387EE9102CD9199900831C17 /* PBXContainerItemProxy */;
		};
/* End PBXTargetDependency section */

/* Begin PBXVariantGroup section */
		387EE8FB2CD9199900831C17 /* MainMenu.xib */ = {
			isa = PBXVariantGroup;
			children = (
				387EE8FC2CD9199900831C17 /* Base */,
			);
			name = MainMenu.xib;
			sourceTree = "<group>";
		};
/* End PBXVariantGroup section */

/* Begin XCBuildConfiguration section */
		387EE9172CD9199900831C17 /* Debug */ = {
			isa = XCBuildConfiguration;
			buildSettings = {
				ALWAYS_SEARCH_USER_PATHS = NO;
				ASSETCATALOG_COMPILER_GENERATE_SWIFT_ASSET_SYMBOL_EXTENSIONS = YES;
				CLANG_ANALYZER_NONNULL = YES;
				CLANG_ANALYZER_NUMBER_OBJECT_CONVERSION = YES_AGGRESSIVE;
				CLANG_CXX_LANGUAGE_STANDARD = "gnu++20";
				CLANG_ENABLE_MODULES = YES;
				CLANG_ENABLE_OBJC_ARC = YES;
				CLANG_ENABLE_OBJC_WEAK = YES;
				CLANG_WARN_BLOCK_CAPTURE_AUTORELEASING = YES;
				CLANG_WARN_BOOL_CONVERSION = YES;
				CLANG_WARN_COMMA = YES;
				CLANG_WARN_CONSTANT_CONVERSION = YES;
				CLANG_WARN_DEPRECATED_OBJC_IMPLEMENTATIONS = YES;
				CLANG_WARN_DIRECT_OBJC_ISA_USAGE = YES_ERROR;
				CLANG_WARN_DOCUMENTATION_COMMENTS = YES;
				CLANG_WARN_EMPTY_BODY = YES;
				CLANG_WARN_ENUM_CONVERSION = YES;
				CLANG_WARN_INFINITE_RECURSION = YES;
				CLANG_WARN_INT_CONVERSION = YES;
				CLANG_WARN_NON_LITERAL_NULL_CONVERSION = YES;
				CLANG_WARN_OBJC_IMPLICIT_RETAIN_SELF = YES;
				CLANG_WARN_OBJC_LITERAL_CONVERSION = YES;
				CLANG_WARN_OBJC_ROOT_CLASS = YES_ERROR;
				CLANG_WARN_QUOTED_INCLUDE_IN_FRAMEWORK_HEADER = YES;
				CLANG_WARN_RANGE_LOOP_ANALYSIS = YES;
				CLANG_WARN_STRICT_PROTOTYPES = YES;
				CLANG_WARN_SUSPICIOUS_MOVE = YES;
				CLANG_WARN_UNGUARDED_AVAILABILITY = YES_AGGRESSIVE;
				CLANG_WARN_UNREACHABLE_CODE = YES;
				CLANG_WARN__DUPLICATE_METHOD_MATCH = YES;
				COPY_PHASE_STRIP = NO;
				DEBUG_INFORMATION_FORMAT = dwarf;
				ENABLE_STRICT_OBJC_MSGSEND = YES;
				ENABLE_TESTABILITY = YES;
				ENABLE_USER_SCRIPT_SANDBOXING = YES;
				GCC_C_LANGUAGE_STANDARD = gnu17;
				GCC_DYNAMIC_NO_PIC = NO;
				GCC_NO_COMMON_BLOCKS = YES;
				GCC_OPTIMIZATION_LEVEL = 0;
				GCC_PREPROCESSOR_DEFINITIONS = (
					"DEBUG=1",
					"$(inherited)",
				);
				GCC_WARN_64_TO_32_BIT_CONVERSION = YES;
				GCC_WARN_ABOUT_RETURN_TYPE = YES_ERROR;
				GCC_WARN_UNDECLARED_SELECTOR = YES;
				GCC_WARN_UNINITIALIZED_AUTOS = YES_AGGRESSIVE;
				GCC_WARN_UNUSED_FUNCTION = YES;
				GCC_WARN_UNUSED_VARIABLE = YES;
				LOCALIZATION_PREFERS_STRING_CATALOGS = YES;
				MACOSX_DEPLOYMENT_TARGET = 14.4;
				MTL_ENABLE_DEBUG_INFO = INCLUDE_SOURCE;
				MTL_FAST_MATH = YES;
				ONLY_ACTIVE_ARCH = YES;
				SDKROOT = macosx;
			};
			name = Debug;
		};
		387EE9182CD9199900831C17 /* Release */ = {
			isa = XCBuildConfiguration;
			buildSettings = {
				ALWAYS_SEARCH_USER_PATHS = NO;
				ASSETCATALOG_COMPILER_GENERATE_SWIFT_ASSET_SYMBOL_EXTENSIONS = YES;
				CLANG_ANALYZER_NONNULL = YES;
				CLANG_ANALYZER_NUMBER_OBJECT_CONVERSION = YES_AGGRESSIVE;
				CLANG_CXX_LANGUAGE_STANDARD = "gnu++20";
				CLANG_ENABLE_MODULES = YES;
				CLANG_ENABLE_OBJC_ARC = YES;
				CLANG_ENABLE_OBJC_WEAK = YES;
				CLANG_WARN_BLOCK_CAPTURE_AUTORELEASING = YES;
				CLANG_WARN_BOOL_CONVERSION = YES;
				CLANG_WARN_COMMA = YES;
				CLANG_WARN_CONSTANT_CONVERSION = YES;
				CLANG_WARN_DEPRECATED_OBJC_IMPLEMENTATIONS = YES;
				CLANG_WARN_DIRECT_OBJC_ISA_USAGE = YES_ERROR;
				CLANG_WARN_DOCUMENTATION_COMMENTS = YES;
				CLANG_WARN_EMPTY_BODY = YES;
				CLANG_WARN_ENUM_CONVERSION = YES;
				CLANG_WARN_INFINITE_RECURSION = YES;
				CLANG_WARN_INT_CONVERSION = YES;
				CLANG_WARN_NON_LITERAL_NULL_CONVERSION = YES;
				CLANG_WARN_OBJC_IMPLICIT_RETAIN_SELF = YES;
				CLANG_WARN_OBJC_LITERAL_CONVERSION = YES;
				CLANG_WARN_OBJC_ROOT_CLASS = YES_ERROR;
				CLANG_WARN_QUOTED_INCLUDE_IN_FRAMEWORK_HEADER = YES;
				CLANG_WARN_RANGE_LOOP_ANALYSIS = YES;
				CLANG_WARN_STRICT_PROTOTYPES = YES;
				CLANG_WARN_SUSPICIOUS_MOVE = YES;
				CLANG_WARN_UNGUARDED_AVAILABILITY = YES_AGGRESSIVE;
				CLANG_WARN_UNREACHABLE_CODE = YES;
				CLANG_WARN__DUPLICATE_METHOD_MATCH = YES;
				COPY_PHASE_STRIP = NO;
				DEBUG_INFORMATION_FORMAT = "dwarf-with-dsym";
				ENABLE_NS_ASSERTIONS = NO;
				ENABLE_STRICT_OBJC_MSGSEND = YES;
				ENABLE_USER_SCRIPT_SANDBOXING = YES;
				GCC_C_LANGUAGE_STANDARD = gnu17;
				GCC_NO_COMMON_BLOCKS = YES;
				GCC_WARN_64_TO_32_BIT_CONVERSION = YES;
				GCC_WARN_ABOUT_RETURN_TYPE = YES_ERROR;
				GCC_WARN_UNDECLARED_SELECTOR = YES;
				GCC_WARN_UNINITIALIZED_AUTOS = YES_AGGRESSIVE;
				GCC_WARN_UNUSED_FUNCTION = YES;
				GCC_WARN_UNUSED_VARIABLE = YES;
				LOCALIZATION_PREFERS_STRING_CATALOGS = YES;
				MACOSX_DEPLOYMENT_TARGET = 14.4;
				MTL_ENABLE_DEBUG_INFO = NO;
				MTL_FAST_MATH = YES;
				SDKROOT = macosx;
			};
			name = Release;
		};
		387EE91A2CD9199900831C17 /* Debug */ = {
			isa = XCBuildConfiguration;
			buildSettings = {
				ASSETCATALOG_COMPILER_APPICON_NAME = AppIcon;
				ASSETCATALOG_COMPILER_GLOBAL_ACCENT_COLOR_NAME = AccentColor;
				CODE_SIGN_ENTITLEMENTS = snake_game/snake_game.entitlements;
				"CODE_SIGN_IDENTITY[sdk=macosx*]" = "-";
				CODE_SIGN_STYLE = Automatic;
				COMBINE_HIDPI_IMAGES = YES;
				CURRENT_PROJECT_VERSION = 1;
				DEVELOPMENT_TEAM = P7CZGLBW2T;
				ENABLE_HARDENED_RUNTIME = YES;
				GENERATE_INFOPLIST_FILE = YES;
				INFOPLIST_KEY_NSHumanReadableCopyright = "";
				INFOPLIST_KEY_NSMainNibFile = MainMenu;
				INFOPLIST_KEY_NSPrincipalClass = NSApplication;
				LD_RUNPATH_SEARCH_PATHS = (
					"$(inherited)",
					"@executable_path/../Frameworks",
				);
				MARKETING_VERSION = 1.0;
				PRODUCT_BUNDLE_IDENTIFIER = "com.snake-game";
				PRODUCT_NAME = "$(TARGET_NAME)";
				SWIFT_EMIT_LOC_STRINGS = YES;
			};
			name = Debug;
		};
		387EE91B2CD9199900831C17 /* Release */ = {
			isa = XCBuildConfiguration;
			buildSettings = {
				ASSETCATALOG_COMPILER_APPICON_NAME = AppIcon;
				ASSETCATALOG_COMPILER_GLOBAL_ACCENT_COLOR_NAME = AccentColor;
				CODE_SIGN_ENTITLEMENTS = snake_game/snake_game.entitlements;
				"CODE_SIGN_IDENTITY[sdk=macosx*]" = "-";
				CODE_SIGN_STYLE = Automatic;
				COMBINE_HIDPI_IMAGES = YES;
				CURRENT_PROJECT_VERSION = 1;
				DEVELOPMENT_TEAM = P7CZGLBW2T;
				ENABLE_HARDENED_RUNTIME = YES;
				GENERATE_INFOPLIST_FILE = YES;
				INFOPLIST_KEY_NSHumanReadableCopyright = "";
				INFOPLIST_KEY_NSMainNibFile = MainMenu;
				INFOPLIST_KEY_NSPrincipalClass = NSApplication;
				LD_RUNPATH_SEARCH_PATHS = (
					"$(inherited)",
					"@executable_path/../Frameworks",
				);
				MARKETING_VERSION = 1.0;
				PRODUCT_BUNDLE_IDENTIFIER = "com.snake-game";
				PRODUCT_NAME = "$(TARGET_NAME)";
				SWIFT_EMIT_LOC_STRINGS = YES;
			};
			name = Release;
		};
		387EE91D2CD9199900831C17 /* Debug */ = {
			isa = XCBuildConfiguration;
			buildSettings = {
				BUNDLE_LOADER = "$(TEST_HOST)";
				"CODE_SIGN_IDENTITY[sdk=macosx*]" = "-";
				CODE_SIGN_STYLE = Automatic;
				CURRENT_PROJECT_VERSION = 1;
				DEVELOPMENT_TEAM = P7CZGLBW2T;
				GENERATE_INFOPLIST_FILE = YES;
				MACOSX_DEPLOYMENT_TARGET = 14.4;
				MARKETING_VERSION = 1.0;
				PRODUCT_BUNDLE_IDENTIFIER = "com.snake-gameTests";
				PRODUCT_NAME = "$(TARGET_NAME)";
				SWIFT_EMIT_LOC_STRINGS = NO;
				TEST_HOST = "$(BUILT_PRODUCTS_DIR)/snake_game.app/$(BUNDLE_EXECUTABLE_FOLDER_PATH)/snake_game";
			};
			name = Debug;
		};
		387EE91E2CD9199900831C17 /* Release */ = {
			isa = XCBuildConfiguration;
			buildSettings = {
				BUNDLE_LOADER = "$(TEST_HOST)";
				"CODE_SIGN_IDENTITY[sdk=macosx*]" = "-";
				CODE_SIGN_STYLE = Automatic;
				CURRENT_PROJECT_VERSION = 1;
				DEVELOPMENT_TEAM = P7CZGLBW2T;
				GENERATE_INFOPLIST_FILE = YES;
				MACOSX_DEPLOYMENT_TARGET = 14.4;
				MARKETING_VERSION = 1.0;
				PRODUCT_BUNDLE_IDENTIFIER = "com.snake-gameTests";
				PRODUCT_NAME = "$(TARGET_NAME)";
				SWIFT_EMIT_LOC_STRINGS = NO;
				TEST_HOST = "$(BUILT_PRODUCTS_DIR)/snake_game.app/$(BUNDLE_EXECUTABLE_FOLDER_PATH)/snake_game";
			};
			name = Release;
		};
		387EE9202CD9199900831C17 /* Debug */ = {
			isa = XCBuildConfiguration;
			buildSettings = {
				"CODE_SIGN_IDENTITY[sdk=macosx*]" = "-";
				CODE_SIGN_STYLE = Automatic;
				CURRENT_PROJECT_VERSION = 1;
				DEVELOPMENT_TEAM = P7CZGLBW2T;
				GENERATE_INFOPLIST_FILE = YES;
				MARKETING_VERSION = 1.0;
				PRODUCT_BUNDLE_IDENTIFIER = "com.snake-gameUITests";
				PRODUCT_NAME = "$(TARGET_NAME)";
				SWIFT_EMIT_LOC_STRINGS = NO;
				TEST_TARGET_NAME = snake_game;
			};
			name = Debug;
		};
		387EE9212CD9199900831C17 /* Release */ = {
			isa = XCBuildConfiguration;
			buildSettings = {
				"CODE_SIGN_IDENTITY[sdk=macosx*]" = "-";
				CODE_SIGN_STYLE = Automatic;
				CURRENT_PROJECT_VERSION = 1;
				DEVELOPMENT_TEAM = P7CZGLBW2T;
				GENERATE_INFOPLIST_FILE = YES;
				MARKETING_VERSION = 1.0;
				PRODUCT_BUNDLE_IDENTIFIER = "com.snake-gameUITests";
				PRODUCT_NAME = "$(TARGET_NAME)";
				SWIFT_EMIT_LOC_STRINGS = NO;
				TEST_TARGET_NAME = snake_game;
			};
			name = Release;
		};
/* End XCBuildConfiguration section */

/* Begin XCConfigurationList section */
		387EE8EE2CD9199600831C17 /* Build configuration list for PBXProject "snake_game" */ = {
			isa = XCConfigurationList;
			buildConfigurations = (
				387EE9172CD9199900831C17 /* Debug */,
				387EE9182CD9199900831C17 /* Release */,
			);
			defaultConfigurationIsVisible = 0;
			defaultConfigurationName = Release;
		};
		387EE9192CD9199900831C17 /* Build configuration list for PBXNativeTarget "snake_game" */ = {
			isa = XCConfigurationList;
			buildConfigurations = (
				387EE91A2CD9199900831C17 /* Debug */,
				387EE91B2CD9199900831C17 /* Release */,
			);
			defaultConfigurationIsVisible = 0;
			defaultConfigurationName = Release;
		};
		387EE91C2CD9199900831C17 /* Build configuration list for PBXNativeTarget "snake_gameTests" */ = {
			isa = XCConfigurationList;
			buildConfigurations = (
				387EE91D2CD9199900831C17 /* Debug */,
				387EE91E2CD9199900831C17 /* Release */,
			);
			defaultConfigurationIsVisible = 0;
			defaultConfigurationName = Release;
		};
		387EE91F2CD9199900831C17 /* Build configuration list for PBXNativeTarget "snake_gameUITests" */ = {
			isa = XCConfigurationList;
			buildConfigurations = (
				387EE9202CD9199900831C17 /* Debug */,
				387EE9212CD9199900831C17 /* Release */,
			);
			defaultConfigurationIsVisible = 0;
			defaultConfigurationName = Release;
		};
/* End XCConfigurationList section */
	};
	rootObject = 387EE8EB2CD9199600831C17 /* Project object */;
}
